// !$*UTF8*$!
{
	archiveVersion = 1;
	classes = {
	};
	objectVersion = 50;
	objects = {

/* Begin PBXBuildFile section */
		F3B4DD2822DA9EEE00FF3167 /* AppDelegate.swift in Sources */ = {isa = PBXBuildFile; fileRef = F3B4DD2722DA9EEE00FF3167 /* AppDelegate.swift */; };
		F3B4DD3022DA9EEE00FF3167 /* CarPark_Ninja.xcdatamodeld in Sources */ = {isa = PBXBuildFile; fileRef = F3B4DD2E22DA9EEE00FF3167 /* CarPark_Ninja.xcdatamodeld */; };
		F3B4DD3222DA9EEF00FF3167 /* Assets.xcassets in Resources */ = {isa = PBXBuildFile; fileRef = F3B4DD3122DA9EEF00FF3167 /* Assets.xcassets */; };
		F3B4DD4022DA9EF000FF3167 /* CarPark_NinjaTests.swift in Sources */ = {isa = PBXBuildFile; fileRef = F3B4DD3F22DA9EF000FF3167 /* CarPark_NinjaTests.swift */; };
		F3B4DD4B22DA9EF000FF3167 /* CarPark_NinjaUITests.swift in Sources */ = {isa = PBXBuildFile; fileRef = F3B4DD4A22DA9EF000FF3167 /* CarPark_NinjaUITests.swift */; };
		F3B4DD6122DAA57700FF3167 /* CarplayView.xib in Resources */ = {isa = PBXBuildFile; fileRef = F3B4DD6022DAA57700FF3167 /* CarplayView.xib */; };
		F3B4DD6422DAA5E700FF3167 /* ViewController.swift in Sources */ = {isa = PBXBuildFile; fileRef = F3B4DD6322DAA5E700FF3167 /* ViewController.swift */; };
		F3B4DD6622DAA66500FF3167 /* CustomNavigationViewController.swift in Sources */ = {isa = PBXBuildFile; fileRef = F3B4DD6522DAA66500FF3167 /* CustomNavigationViewController.swift */; };
		F3B4DD6B22DAA6C900FF3167 /* Main.storyboard in Resources */ = {isa = PBXBuildFile; fileRef = F3B4DD6722DAA6C900FF3167 /* Main.storyboard */; };
		F3B4DD6C22DAA6C900FF3167 /* LaunchScreen.storyboard in Resources */ = {isa = PBXBuildFile; fileRef = F3B4DD6922DAA6C900FF3167 /* LaunchScreen.storyboard */; };
/* End PBXBuildFile section */

/* Begin PBXContainerItemProxy section */
		F3B4DD3C22DA9EF000FF3167 /* PBXContainerItemProxy */ = {
			isa = PBXContainerItemProxy;
			containerPortal = F3B4DD1C22DA9EEE00FF3167 /* Project object */;
			proxyType = 1;
			remoteGlobalIDString = F3B4DD2322DA9EEE00FF3167;
			remoteInfo = "CarPark Ninja";
		};
		F3B4DD4722DA9EF000FF3167 /* PBXContainerItemProxy */ = {
			isa = PBXContainerItemProxy;
			containerPortal = F3B4DD1C22DA9EEE00FF3167 /* Project object */;
			proxyType = 1;
			remoteGlobalIDString = F3B4DD2322DA9EEE00FF3167;
			remoteInfo = "CarPark Ninja";
		};
/* End PBXContainerItemProxy section */

/* Begin PBXFileReference section */
		F3B4DD2422DA9EEE00FF3167 /* CarPark Ninja.app */ = {isa = PBXFileReference; explicitFileType = wrapper.application; includeInIndex = 0; path = "CarPark Ninja.app"; sourceTree = BUILT_PRODUCTS_DIR; };
		F3B4DD2722DA9EEE00FF3167 /* AppDelegate.swift */ = {isa = PBXFileReference; lastKnownFileType = sourcecode.swift; path = AppDelegate.swift; sourceTree = "<group>"; };
		F3B4DD2F22DA9EEE00FF3167 /* CarPark_Ninja.xcdatamodel */ = {isa = PBXFileReference; lastKnownFileType = wrapper.xcdatamodel; path = CarPark_Ninja.xcdatamodel; sourceTree = "<group>"; };
		F3B4DD3122DA9EEF00FF3167 /* Assets.xcassets */ = {isa = PBXFileReference; lastKnownFileType = folder.assetcatalog; path = Assets.xcassets; sourceTree = "<group>"; };
		F3B4DD3622DA9EF000FF3167 /* Info.plist */ = {isa = PBXFileReference; lastKnownFileType = text.plist.xml; path = Info.plist; sourceTree = "<group>"; };
		F3B4DD3B22DA9EF000FF3167 /* CarPark NinjaTests.xctest */ = {isa = PBXFileReference; explicitFileType = wrapper.cfbundle; includeInIndex = 0; path = "CarPark NinjaTests.xctest"; sourceTree = BUILT_PRODUCTS_DIR; };
		F3B4DD3F22DA9EF000FF3167 /* CarPark_NinjaTests.swift */ = {isa = PBXFileReference; lastKnownFileType = sourcecode.swift; path = CarPark_NinjaTests.swift; sourceTree = "<group>"; };
		F3B4DD4122DA9EF000FF3167 /* Info.plist */ = {isa = PBXFileReference; lastKnownFileType = text.plist.xml; path = Info.plist; sourceTree = "<group>"; };
		F3B4DD4622DA9EF000FF3167 /* CarPark NinjaUITests.xctest */ = {isa = PBXFileReference; explicitFileType = wrapper.cfbundle; includeInIndex = 0; path = "CarPark NinjaUITests.xctest"; sourceTree = BUILT_PRODUCTS_DIR; };
		F3B4DD4A22DA9EF000FF3167 /* CarPark_NinjaUITests.swift */ = {isa = PBXFileReference; lastKnownFileType = sourcecode.swift; path = CarPark_NinjaUITests.swift; sourceTree = "<group>"; };
		F3B4DD4C22DA9EF000FF3167 /* Info.plist */ = {isa = PBXFileReference; lastKnownFileType = text.plist.xml; path = Info.plist; sourceTree = "<group>"; };
		F3B4DD5B22DAA1A300FF3167 /* CarPark Ninja.entitlements */ = {isa = PBXFileReference; lastKnownFileType = text.plist.entitlements; path = "CarPark Ninja.entitlements"; sourceTree = "<group>"; };
		F3B4DD6022DAA57700FF3167 /* CarplayView.xib */ = {isa = PBXFileReference; fileEncoding = 4; lastKnownFileType = file.xib; name = CarplayView.xib; path = Views/CarplayView.xib; sourceTree = "<group>"; };
		F3B4DD6322DAA5E700FF3167 /* ViewController.swift */ = {isa = PBXFileReference; fileEncoding = 4; lastKnownFileType = sourcecode.swift; name = ViewController.swift; path = ViewControllers/ViewController.swift; sourceTree = "<group>"; };
		F3B4DD6522DAA66500FF3167 /* CustomNavigationViewController.swift */ = {isa = PBXFileReference; fileEncoding = 4; lastKnownFileType = sourcecode.swift; name = CustomNavigationViewController.swift; path = ViewControllers/CustomNavigationViewController.swift; sourceTree = "<group>"; };
		F3B4DD6822DAA6C900FF3167 /* Base */ = {isa = PBXFileReference; lastKnownFileType = file.storyboard; name = Base; path = Views/Base.lproj/Main.storyboard; sourceTree = "<group>"; };
		F3B4DD6A22DAA6C900FF3167 /* Base */ = {isa = PBXFileReference; lastKnownFileType = file.storyboard; name = Base; path = Views/Base.lproj/LaunchScreen.storyboard; sourceTree = "<group>"; };
/* End PBXFileReference section */

/* Begin PBXFrameworksBuildPhase section */
		F3B4DD2122DA9EEE00FF3167 /* Frameworks */ = {
			isa = PBXFrameworksBuildPhase;
			buildActionMask = 2147483647;
			files = (
			);
			runOnlyForDeploymentPostprocessing = 0;
		};
		F3B4DD3822DA9EF000FF3167 /* Frameworks */ = {
			isa = PBXFrameworksBuildPhase;
			buildActionMask = 2147483647;
			files = (
			);
			runOnlyForDeploymentPostprocessing = 0;
		};
		F3B4DD4322DA9EF000FF3167 /* Frameworks */ = {
			isa = PBXFrameworksBuildPhase;
			buildActionMask = 2147483647;
			files = (
			);
			runOnlyForDeploymentPostprocessing = 0;
		};
/* End PBXFrameworksBuildPhase section */

/* Begin PBXGroup section */
		F3B4DD1B22DA9EEE00FF3167 = {
			isa = PBXGroup;
			children = (
				F3B4DD2622DA9EEE00FF3167 /* CarPark Ninja */,
				F3B4DD3E22DA9EF000FF3167 /* CarPark NinjaTests */,
				F3B4DD4922DA9EF000FF3167 /* CarPark NinjaUITests */,
				F3B4DD2522DA9EEE00FF3167 /* Products */,
				F3B4DD5822DAA19400FF3167 /* Frameworks */,
			);
			sourceTree = "<group>";
		};
		F3B4DD2522DA9EEE00FF3167 /* Products */ = {
			isa = PBXGroup;
			children = (
				F3B4DD2422DA9EEE00FF3167 /* CarPark Ninja.app */,
				F3B4DD3B22DA9EF000FF3167 /* CarPark NinjaTests.xctest */,
				F3B4DD4622DA9EF000FF3167 /* CarPark NinjaUITests.xctest */,
			);
			name = Products;
			sourceTree = "<group>";
		};
		F3B4DD2622DA9EEE00FF3167 /* CarPark Ninja */ = {
			isa = PBXGroup;
			children = (
				F3B4DD6222DAA57E00FF3167 /* ViewControllers */,
				F3B4DD5F22DAA55C00FF3167 /* Views */,
				F3B4DD5B22DAA1A300FF3167 /* CarPark Ninja.entitlements */,
				F3B4DD2722DA9EEE00FF3167 /* AppDelegate.swift */,
				F3B4DD3122DA9EEF00FF3167 /* Assets.xcassets */,
				F3B4DD3622DA9EF000FF3167 /* Info.plist */,
				F3B4DD2E22DA9EEE00FF3167 /* CarPark_Ninja.xcdatamodeld */,
			);
			path = "CarPark Ninja";
			sourceTree = "<group>";
		};
		F3B4DD3E22DA9EF000FF3167 /* CarPark NinjaTests */ = {
			isa = PBXGroup;
			children = (
				F3B4DD3F22DA9EF000FF3167 /* CarPark_NinjaTests.swift */,
				F3B4DD4122DA9EF000FF3167 /* Info.plist */,
			);
			path = "CarPark NinjaTests";
			sourceTree = "<group>";
		};
		F3B4DD4922DA9EF000FF3167 /* CarPark NinjaUITests */ = {
			isa = PBXGroup;
			children = (
				F3B4DD4A22DA9EF000FF3167 /* CarPark_NinjaUITests.swift */,
				F3B4DD4C22DA9EF000FF3167 /* Info.plist */,
			);
			path = "CarPark NinjaUITests";
			sourceTree = "<group>";
		};
		F3B4DD5822DAA19400FF3167 /* Frameworks */ = {
			isa = PBXGroup;
			children = (
			);
			name = Frameworks;
			sourceTree = "<group>";
		};
		F3B4DD5F22DAA55C00FF3167 /* Views */ = {
			isa = PBXGroup;
			children = (
				F3B4DD6922DAA6C900FF3167 /* LaunchScreen.storyboard */,
				F3B4DD6722DAA6C900FF3167 /* Main.storyboard */,
				F3B4DD6022DAA57700FF3167 /* CarplayView.xib */,
			);
			name = Views;
			sourceTree = "<group>";
		};
		F3B4DD6222DAA57E00FF3167 /* ViewControllers */ = {
			isa = PBXGroup;
			children = (
				F3B4DD6522DAA66500FF3167 /* CustomNavigationViewController.swift */,
				F3B4DD6322DAA5E700FF3167 /* ViewController.swift */,
			);
			name = ViewControllers;
			sourceTree = "<group>";
		};
/* End PBXGroup section */

/* Begin PBXNativeTarget section */
		F3B4DD2322DA9EEE00FF3167 /* CarPark Ninja */ = {
			isa = PBXNativeTarget;
			buildConfigurationList = F3B4DD4F22DA9EF000FF3167 /* Build configuration list for PBXNativeTarget "CarPark Ninja" */;
			buildPhases = (
				F3B4DD2022DA9EEE00FF3167 /* Sources */,
				F3B4DD2122DA9EEE00FF3167 /* Frameworks */,
				F3B4DD2222DA9EEE00FF3167 /* Resources */,
			);
			buildRules = (
			);
			dependencies = (
			);
			name = "CarPark Ninja";
			productName = "CarPark Ninja";
			productReference = F3B4DD2422DA9EEE00FF3167 /* CarPark Ninja.app */;
			productType = "com.apple.product-type.application";
		};
		F3B4DD3A22DA9EF000FF3167 /* CarPark NinjaTests */ = {
			isa = PBXNativeTarget;
			buildConfigurationList = F3B4DD5222DA9EF000FF3167 /* Build configuration list for PBXNativeTarget "CarPark NinjaTests" */;
			buildPhases = (
				F3B4DD3722DA9EF000FF3167 /* Sources */,
				F3B4DD3822DA9EF000FF3167 /* Frameworks */,
				F3B4DD3922DA9EF000FF3167 /* Resources */,
			);
			buildRules = (
			);
			dependencies = (
				F3B4DD3D22DA9EF000FF3167 /* PBXTargetDependency */,
			);
			name = "CarPark NinjaTests";
			productName = "CarPark NinjaTests";
			productReference = F3B4DD3B22DA9EF000FF3167 /* CarPark NinjaTests.xctest */;
			productType = "com.apple.product-type.bundle.unit-test";
		};
		F3B4DD4522DA9EF000FF3167 /* CarPark NinjaUITests */ = {
			isa = PBXNativeTarget;
			buildConfigurationList = F3B4DD5522DA9EF000FF3167 /* Build configuration list for PBXNativeTarget "CarPark NinjaUITests" */;
			buildPhases = (
				F3B4DD4222DA9EF000FF3167 /* Sources */,
				F3B4DD4322DA9EF000FF3167 /* Frameworks */,
				F3B4DD4422DA9EF000FF3167 /* Resources */,
			);
			buildRules = (
			);
			dependencies = (
				F3B4DD4822DA9EF000FF3167 /* PBXTargetDependency */,
			);
			name = "CarPark NinjaUITests";
			productName = "CarPark NinjaUITests";
			productReference = F3B4DD4622DA9EF000FF3167 /* CarPark NinjaUITests.xctest */;
			productType = "com.apple.product-type.bundle.ui-testing";
		};
/* End PBXNativeTarget section */

/* Begin PBXProject section */
		F3B4DD1C22DA9EEE00FF3167 /* Project object */ = {
			isa = PBXProject;
			attributes = {
				LastSwiftUpdateCheck = 1020;
				LastUpgradeCheck = 1020;
				ORGANIZATIONNAME = "CarPark Ninja";
				TargetAttributes = {
					F3B4DD2322DA9EEE00FF3167 = {
						CreatedOnToolsVersion = 10.2.1;
						SystemCapabilities = {
							com.apple.BackgroundModes = {
								enabled = 1;
							};
							com.apple.DataProtection = {
								enabled = 1;
							};
							com.apple.Maps.iOS = {
								enabled = 0;
							};
							com.apple.WAC = {
								enabled = 0;
							};
						};
					};
					F3B4DD3A22DA9EF000FF3167 = {
						CreatedOnToolsVersion = 10.2.1;
						TestTargetID = F3B4DD2322DA9EEE00FF3167;
					};
					F3B4DD4522DA9EF000FF3167 = {
						CreatedOnToolsVersion = 10.2.1;
						TestTargetID = F3B4DD2322DA9EEE00FF3167;
					};
				};
			};
			buildConfigurationList = F3B4DD1F22DA9EEE00FF3167 /* Build configuration list for PBXProject "CarPark Ninja" */;
			compatibilityVersion = "Xcode 9.3";
			developmentRegion = en;
			hasScannedForEncodings = 0;
			knownRegions = (
				en,
				Base,
			);
			mainGroup = F3B4DD1B22DA9EEE00FF3167;
			productRefGroup = F3B4DD2522DA9EEE00FF3167 /* Products */;
			projectDirPath = "";
			projectRoot = "";
			targets = (
				F3B4DD2322DA9EEE00FF3167 /* CarPark Ninja */,
				F3B4DD3A22DA9EF000FF3167 /* CarPark NinjaTests */,
				F3B4DD4522DA9EF000FF3167 /* CarPark NinjaUITests */,
			);
		};
/* End PBXProject section */

/* Begin PBXResourcesBuildPhase section */
		F3B4DD2222DA9EEE00FF3167 /* Resources */ = {
			isa = PBXResourcesBuildPhase;
			buildActionMask = 2147483647;
			files = (
				F3B4DD6B22DAA6C900FF3167 /* Main.storyboard in Resources */,
				F3B4DD6C22DAA6C900FF3167 /* LaunchScreen.storyboard in Resources */,
				F3B4DD3222DA9EEF00FF3167 /* Assets.xcassets in Resources */,
				F3B4DD6122DAA57700FF3167 /* CarplayView.xib in Resources */,
			);
			runOnlyForDeploymentPostprocessing = 0;
		};
		F3B4DD3922DA9EF000FF3167 /* Resources */ = {
			isa = PBXResourcesBuildPhase;
			buildActionMask = 2147483647;
			files = (
			);
			runOnlyForDeploymentPostprocessing = 0;
		};
		F3B4DD4422DA9EF000FF3167 /* Resources */ = {
			isa = PBXResourcesBuildPhase;
			buildActionMask = 2147483647;
			files = (
			);
			runOnlyForDeploymentPostprocessing = 0;
		};
/* End PBXResourcesBuildPhase section */

/* Begin PBXSourcesBuildPhase section */
		F3B4DD2022DA9EEE00FF3167 /* Sources */ = {
			isa = PBXSourcesBuildPhase;
			buildActionMask = 2147483647;
			files = (
				F3B4DD2822DA9EEE00FF3167 /* AppDelegate.swift in Sources */,
				F3B4DD6622DAA66500FF3167 /* CustomNavigationViewController.swift in Sources */,
				F3B4DD6422DAA5E700FF3167 /* ViewController.swift in Sources */,
				F3B4DD3022DA9EEE00FF3167 /* CarPark_Ninja.xcdatamodeld in Sources */,
			);
			runOnlyForDeploymentPostprocessing = 0;
		};
		F3B4DD3722DA9EF000FF3167 /* Sources */ = {
			isa = PBXSourcesBuildPhase;
			buildActionMask = 2147483647;
			files = (
				F3B4DD4022DA9EF000FF3167 /* CarPark_NinjaTests.swift in Sources */,
			);
			runOnlyForDeploymentPostprocessing = 0;
		};
		F3B4DD4222DA9EF000FF3167 /* Sources */ = {
			isa = PBXSourcesBuildPhase;
			buildActionMask = 2147483647;
			files = (
				F3B4DD4B22DA9EF000FF3167 /* CarPark_NinjaUITests.swift in Sources */,
			);
			runOnlyForDeploymentPostprocessing = 0;
		};
/* End PBXSourcesBuildPhase section */

/* Begin PBXTargetDependency section */
		F3B4DD3D22DA9EF000FF3167 /* PBXTargetDependency */ = {
			isa = PBXTargetDependency;
			target = F3B4DD2322DA9EEE00FF3167 /* CarPark Ninja */;
			targetProxy = F3B4DD3C22DA9EF000FF3167 /* PBXContainerItemProxy */;
		};
		F3B4DD4822DA9EF000FF3167 /* PBXTargetDependency */ = {
			isa = PBXTargetDependency;
			target = F3B4DD2322DA9EEE00FF3167 /* CarPark Ninja */;
			targetProxy = F3B4DD4722DA9EF000FF3167 /* PBXContainerItemProxy */;
		};
/* End PBXTargetDependency section */

/* Begin PBXVariantGroup section */
		F3B4DD6722DAA6C900FF3167 /* Main.storyboard */ = {
			isa = PBXVariantGroup;
			children = (
				F3B4DD6822DAA6C900FF3167 /* Base */,
			);
			name = Main.storyboard;
			sourceTree = "<group>";
		};
		F3B4DD6922DAA6C900FF3167 /* LaunchScreen.storyboard */ = {
			isa = PBXVariantGroup;
			children = (
				F3B4DD6A22DAA6C900FF3167 /* Base */,
			);
			name = LaunchScreen.storyboard;
			sourceTree = "<group>";
		};
/* End PBXVariantGroup section */

/* Begin XCBuildConfiguration section */
		F3B4DD4D22DA9EF000FF3167 /* Debug */ = {
			isa = XCBuildConfiguration;
			buildSettings = {
				ALWAYS_SEARCH_USER_PATHS = NO;
				CLANG_ANALYZER_NONNULL = YES;
				CLANG_ANALYZER_NUMBER_OBJECT_CONVERSION = YES_AGGRESSIVE;
				CLANG_CXX_LANGUAGE_STANDARD = "gnu++14";
				CLANG_CXX_LIBRARY = "libc++";
				CLANG_ENABLE_MODULES = YES;
				CLANG_ENABLE_OBJC_ARC = YES;
				CLANG_ENABLE_OBJC_WEAK = YES;
				CLANG_WARN_BLOCK_CAPTURE_AUTORELEASING = YES;
				CLANG_WARN_BOOL_CONVERSION = YES;
				CLANG_WARN_COMMA = YES;
				CLANG_WARN_CONSTANT_CONVERSION = YES;
				CLANG_WARN_DEPRECATED_OBJC_IMPLEMENTATIONS = YES;
				CLANG_WARN_DIRECT_OBJC_ISA_USAGE = YES_ERROR;
				CLANG_WARN_DOCUMENTATION_COMMENTS = YES;
				CLANG_WARN_EMPTY_BODY = YES;
				CLANG_WARN_ENUM_CONVERSION = YES;
				CLANG_WARN_INFINITE_RECURSION = YES;
				CLANG_WARN_INT_CONVERSION = YES;
				CLANG_WARN_NON_LITERAL_NULL_CONVERSION = YES;
				CLANG_WARN_OBJC_IMPLICIT_RETAIN_SELF = YES;
				CLANG_WARN_OBJC_LITERAL_CONVERSION = YES;
				CLANG_WARN_OBJC_ROOT_CLASS = YES_ERROR;
				CLANG_WARN_RANGE_LOOP_ANALYSIS = YES;
				CLANG_WARN_STRICT_PROTOTYPES = YES;
				CLANG_WARN_SUSPICIOUS_MOVE = YES;
				CLANG_WARN_UNGUARDED_AVAILABILITY = YES_AGGRESSIVE;
				CLANG_WARN_UNREACHABLE_CODE = YES;
				CLANG_WARN__DUPLICATE_METHOD_MATCH = YES;
				CODE_SIGN_IDENTITY = "iPhone Developer";
				COPY_PHASE_STRIP = NO;
				DEBUG_INFORMATION_FORMAT = dwarf;
				ENABLE_STRICT_OBJC_MSGSEND = YES;
				ENABLE_TESTABILITY = YES;
				GCC_C_LANGUAGE_STANDARD = gnu11;
				GCC_DYNAMIC_NO_PIC = NO;
				GCC_NO_COMMON_BLOCKS = YES;
				GCC_OPTIMIZATION_LEVEL = 0;
				GCC_PREPROCESSOR_DEFINITIONS = (
					"DEBUG=1",
					"$(inherited)",
				);
				GCC_WARN_64_TO_32_BIT_CONVERSION = YES;
				GCC_WARN_ABOUT_RETURN_TYPE = YES_ERROR;
				GCC_WARN_UNDECLARED_SELECTOR = YES;
				GCC_WARN_UNINITIALIZED_AUTOS = YES_AGGRESSIVE;
				GCC_WARN_UNUSED_FUNCTION = YES;
				GCC_WARN_UNUSED_VARIABLE = YES;
				IPHONEOS_DEPLOYMENT_TARGET = 12.2;
				MTL_ENABLE_DEBUG_INFO = INCLUDE_SOURCE;
				MTL_FAST_MATH = YES;
				ONLY_ACTIVE_ARCH = YES;
				SDKROOT = iphoneos;
				SWIFT_ACTIVE_COMPILATION_CONDITIONS = DEBUG;
				SWIFT_OPTIMIZATION_LEVEL = "-Onone";
			};
			name = Debug;
		};
		F3B4DD4E22DA9EF000FF3167 /* Release */ = {
			isa = XCBuildConfiguration;
			buildSettings = {
				ALWAYS_SEARCH_USER_PATHS = NO;
				CLANG_ANALYZER_NONNULL = YES;
				CLANG_ANALYZER_NUMBER_OBJECT_CONVERSION = YES_AGGRESSIVE;
				CLANG_CXX_LANGUAGE_STANDARD = "gnu++14";
				CLANG_CXX_LIBRARY = "libc++";
				CLANG_ENABLE_MODULES = YES;
				CLANG_ENABLE_OBJC_ARC = YES;
				CLANG_ENABLE_OBJC_WEAK = YES;
				CLANG_WARN_BLOCK_CAPTURE_AUTORELEASING = YES;
				CLANG_WARN_BOOL_CONVERSION = YES;
				CLANG_WARN_COMMA = YES;
				CLANG_WARN_CONSTANT_CONVERSION = YES;
				CLANG_WARN_DEPRECATED_OBJC_IMPLEMENTATIONS = YES;
				CLANG_WARN_DIRECT_OBJC_ISA_USAGE = YES_ERROR;
				CLANG_WARN_DOCUMENTATION_COMMENTS = YES;
				CLANG_WARN_EMPTY_BODY = YES;
				CLANG_WARN_ENUM_CONVERSION = YES;
				CLANG_WARN_INFINITE_RECURSION = YES;
				CLANG_WARN_INT_CONVERSION = YES;
				CLANG_WARN_NON_LITERAL_NULL_CONVERSION = YES;
				CLANG_WARN_OBJC_IMPLICIT_RETAIN_SELF = YES;
				CLANG_WARN_OBJC_LITERAL_CONVERSION = YES;
				CLANG_WARN_OBJC_ROOT_CLASS = YES_ERROR;
				CLANG_WARN_RANGE_LOOP_ANALYSIS = YES;
				CLANG_WARN_STRICT_PROTOTYPES = YES;
				CLANG_WARN_SUSPICIOUS_MOVE = YES;
				CLANG_WARN_UNGUARDED_AVAILABILITY = YES_AGGRESSIVE;
				CLANG_WARN_UNREACHABLE_CODE = YES;
				CLANG_WARN__DUPLICATE_METHOD_MATCH = YES;
				CODE_SIGN_IDENTITY = "iPhone Developer";
				COPY_PHASE_STRIP = NO;
				DEBUG_INFORMATION_FORMAT = "dwarf-with-dsym";
				ENABLE_NS_ASSERTIONS = NO;
				ENABLE_STRICT_OBJC_MSGSEND = YES;
				GCC_C_LANGUAGE_STANDARD = gnu11;
				GCC_NO_COMMON_BLOCKS = YES;
				GCC_WARN_64_TO_32_BIT_CONVERSION = YES;
				GCC_WARN_ABOUT_RETURN_TYPE = YES_ERROR;
				GCC_WARN_UNDECLARED_SELECTOR = YES;
				GCC_WARN_UNINITIALIZED_AUTOS = YES_AGGRESSIVE;
				GCC_WARN_UNUSED_FUNCTION = YES;
				GCC_WARN_UNUSED_VARIABLE = YES;
				IPHONEOS_DEPLOYMENT_TARGET = 12.2;
				MTL_ENABLE_DEBUG_INFO = NO;
				MTL_FAST_MATH = YES;
				SDKROOT = iphoneos;
				SWIFT_COMPILATION_MODE = wholemodule;
				SWIFT_OPTIMIZATION_LEVEL = "-O";
				VALIDATE_PRODUCT = YES;
			};
			name = Release;
		};
		F3B4DD5022DA9EF000FF3167 /* Debug */ = {
			isa = XCBuildConfiguration;
			buildSettings = {
				ASSETCATALOG_COMPILER_APPICON_NAME = AppIcon;
				CODE_SIGN_ENTITLEMENTS = "CarPark Ninja/CarPark Ninja.entitlements";
				CODE_SIGN_STYLE = Automatic;
				DEVELOPMENT_TEAM = RM96X7JX9K;
				INFOPLIST_FILE = "CarPark Ninja/Info.plist";
				LD_RUNPATH_SEARCH_PATHS = (
					"$(inherited)",
					"@executable_path/Frameworks",
				);
				PRODUCT_BUNDLE_IDENTIFIER = "ninja.carpark.CarPark-Ninja";
				PRODUCT_NAME = "$(TARGET_NAME)";
				SWIFT_VERSION = 5.0;
				TARGETED_DEVICE_FAMILY = "1,2";
			};
			name = Debug;
		};
		F3B4DD5122DA9EF000FF3167 /* Release */ = {
			isa = XCBuildConfiguration;
			buildSettings = {
				ASSETCATALOG_COMPILER_APPICON_NAME = AppIcon;
				CODE_SIGN_ENTITLEMENTS = "CarPark Ninja/CarPark Ninja.entitlements";
				CODE_SIGN_STYLE = Automatic;
				DEVELOPMENT_TEAM = RM96X7JX9K;
				INFOPLIST_FILE = "CarPark Ninja/Info.plist";
				LD_RUNPATH_SEARCH_PATHS = (
					"$(inherited)",
					"@executable_path/Frameworks",
				);
				PRODUCT_BUNDLE_IDENTIFIER = "ninja.carpark.CarPark-Ninja";
				PRODUCT_NAME = "$(TARGET_NAME)";
				SWIFT_VERSION = 5.0;
				TARGETED_DEVICE_FAMILY = "1,2";
			};
			name = Release;
		};
		F3B4DD5322DA9EF000FF3167 /* Debug */ = {
			isa = XCBuildConfiguration;
			buildSettings = {
				ALWAYS_EMBED_SWIFT_STANDARD_LIBRARIES = YES;
				BUNDLE_LOADER = "$(TEST_HOST)";
				CODE_SIGN_STYLE = Automatic;
				INFOPLIST_FILE = "CarPark NinjaTests/Info.plist";
				LD_RUNPATH_SEARCH_PATHS = (
					"$(inherited)",
					"@executable_path/Frameworks",
					"@loader_path/Frameworks",
				);
				PRODUCT_BUNDLE_IDENTIFIER = "ninja.carpark.CarPark-NinjaTests";
				PRODUCT_NAME = "$(TARGET_NAME)";
				SWIFT_VERSION = 5.0;
				TARGETED_DEVICE_FAMILY = "1,2";
				TEST_HOST = "$(BUILT_PRODUCTS_DIR)/CarPark Ninja.app/CarPark Ninja";
			};
			name = Debug;
		};
		F3B4DD5422DA9EF000FF3167 /* Release */ = {
			isa = XCBuildConfiguration;
			buildSettings = {
				ALWAYS_EMBED_SWIFT_STANDARD_LIBRARIES = YES;
				BUNDLE_LOADER = "$(TEST_HOST)";
				CODE_SIGN_STYLE = Automatic;
				INFOPLIST_FILE = "CarPark NinjaTests/Info.plist";
				LD_RUNPATH_SEARCH_PATHS = (
					"$(inherited)",
					"@executable_path/Frameworks",
					"@loader_path/Frameworks",
				);
				PRODUCT_BUNDLE_IDENTIFIER = "ninja.carpark.CarPark-NinjaTests";
				PRODUCT_NAME = "$(TARGET_NAME)";
				SWIFT_VERSION = 5.0;
				TARGETED_DEVICE_FAMILY = "1,2";
				TEST_HOST = "$(BUILT_PRODUCTS_DIR)/CarPark Ninja.app/CarPark Ninja";
			};
			name = Release;
		};
		F3B4DD5622DA9EF000FF3167 /* Debug */ = {
			isa = XCBuildConfiguration;
			buildSettings = {
				ALWAYS_EMBED_SWIFT_STANDARD_LIBRARIES = YES;
				CODE_SIGN_STYLE = Automatic;
				INFOPLIST_FILE = "CarPark NinjaUITests/Info.plist";
				LD_RUNPATH_SEARCH_PATHS = (
					"$(inherited)",
					"@executable_path/Frameworks",
					"@loader_path/Frameworks",
				);
				PRODUCT_BUNDLE_IDENTIFIER = "ninja.carpark.CarPark-NinjaUITests";
				PRODUCT_NAME = "$(TARGET_NAME)";
				SWIFT_VERSION = 5.0;
				TARGETED_DEVICE_FAMILY = "1,2";
				TEST_TARGET_NAME = "CarPark Ninja";
			};
			name = Debug;
		};
		F3B4DD5722DA9EF000FF3167 /* Release */ = {
			isa = XCBuildConfiguration;
			buildSettings = {
				ALWAYS_EMBED_SWIFT_STANDARD_LIBRARIES = YES;
				CODE_SIGN_STYLE = Automatic;
				INFOPLIST_FILE = "CarPark NinjaUITests/Info.plist";
				LD_RUNPATH_SEARCH_PATHS = (
					"$(inherited)",
					"@executable_path/Frameworks",
					"@loader_path/Frameworks",
				);
				PRODUCT_BUNDLE_IDENTIFIER = "ninja.carpark.CarPark-NinjaUITests";
				PRODUCT_NAME = "$(TARGET_NAME)";
				SWIFT_VERSION = 5.0;
				TARGETED_DEVICE_FAMILY = "1,2";
				TEST_TARGET_NAME = "CarPark Ninja";
			};
			name = Release;
		};
/* End XCBuildConfiguration section */

/* Begin XCConfigurationList section */
		F3B4DD1F22DA9EEE00FF3167 /* Build configuration list for PBXProject "CarPark Ninja" */ = {
			isa = XCConfigurationList;
			buildConfigurations = (
				F3B4DD4D22DA9EF000FF3167 /* Debug */,
				F3B4DD4E22DA9EF000FF3167 /* Release */,
			);
			defaultConfigurationIsVisible = 0;
			defaultConfigurationName = Release;
		};
		F3B4DD4F22DA9EF000FF3167 /* Build configuration list for PBXNativeTarget "CarPark Ninja" */ = {
			isa = XCConfigurationList;
			buildConfigurations = (
				F3B4DD5022DA9EF000FF3167 /* Debug */,
				F3B4DD5122DA9EF000FF3167 /* Release */,
			);
			defaultConfigurationIsVisible = 0;
			defaultConfigurationName = Release;
		};
		F3B4DD5222DA9EF000FF3167 /* Build configuration list for PBXNativeTarget "CarPark NinjaTests" */ = {
			isa = XCConfigurationList;
			buildConfigurations = (
				F3B4DD5322DA9EF000FF3167 /* Debug */,
				F3B4DD5422DA9EF000FF3167 /* Release */,
			);
			defaultConfigurationIsVisible = 0;
			defaultConfigurationName = Release;
		};
		F3B4DD5522DA9EF000FF3167 /* Build configuration list for PBXNativeTarget "CarPark NinjaUITests" */ = {
			isa = XCConfigurationList;
			buildConfigurations = (
				F3B4DD5622DA9EF000FF3167 /* Debug */,
				F3B4DD5722DA9EF000FF3167 /* Release */,
			);
			defaultConfigurationIsVisible = 0;
			defaultConfigurationName = Release;
		};
/* End XCConfigurationList section */

/* Begin XCVersionGroup section */
		F3B4DD2E22DA9EEE00FF3167 /* CarPark_Ninja.xcdatamodeld */ = {
			isa = XCVersionGroup;
			children = (
				F3B4DD2F22DA9EEE00FF3167 /* CarPark_Ninja.xcdatamodel */,
			);
			currentVersion = F3B4DD2F22DA9EEE00FF3167 /* CarPark_Ninja.xcdatamodel */;
			path = CarPark_Ninja.xcdatamodeld;
			sourceTree = "<group>";
			versionGroupType = wrapper.xcdatamodel;
		};
/* End XCVersionGroup section */
	};
	rootObject = F3B4DD1C22DA9EEE00FF3167 /* Project object */;
}
